
Microsoft Visual Studio Solution File, Format Version 12.00
# Visual Studio Version 17
VisualStudioVersion = 17.2.32602.215
MinimumVisualStudioVersion = 10.0.40219.1
Project("{FAE04EC0-301F-11D3-BF4B-00C04F79EFBC}") = "PlayerVoting", "PlayerVoting.csproj", "{BB5E8C60-635D-47A8-AD2C-76CF9EA938BE}"
EndProject
Global
	GlobalSection(SolutionConfigurationPlatforms) = preSolution
		Debug|Any CPU = Debug|Any CPU
		Release|Any CPU = Release|Any CPU
	EndGlobalSection
	GlobalSection(ProjectConfigurationPlatforms) = postSolution
		{BB5E8C60-635D-47A8-AD2C-76CF9EA938BE}.Debug|Any CPU.ActiveCfg = Debug|Any CPU
		{BB5E8C60-635D-47A8-AD2C-76CF9EA938BE}.Debug|Any CPU.Build.0 = Debug|Any CPU
		{BB5E8C60-635D-47A8-AD2C-76CF9EA938BE}.Release|Any CPU.ActiveCfg = Release|Any CPU
		{BB5E8C60-635D-47A8-AD2C-76CF9EA938BE}.Release|Any CPU.Build.0 = Release|Any CPU
	EndGlobalSection
	GlobalSection(SolutionProperties) = preSolution
		HideSolutionNode = FALSE
	EndGlobalSection
	GlobalSection(ExtensibilityGlobals) = postSolution
		SolutionGuid = {E2F53282-7119-4707-B95A-C53025631B1C}
	EndGlobalSection
EndGlobal
